github.com/boltdb/bolt v1.3.1 h1:JQmyP4ZBrce+ZQu0dY660FMfatumYDLun9hBCUVIkF4=
github.com/boltdb/bolt v1.3.1/go.mod h1:clJnj/oiGkjum5o1McbSZDSLxVThjynRyGBgiAx27Ps=
github.com/golang/snappy v0.0.3 h1:fHPg5GQYlCeLIPB9BZqMVR5nR9A+IM5zcgeTdjMYmLA=
github.com/golang/snappy v0.0.3/go.mod h1:/XxbfmMg8lxefKM7IXC3fBNl/7bRcc72aCRzEWrmP2Q=
go.oneofone.dev/oerrs v1.0.7-0.20221003171156-2726106fc553 h1:ymNAHU2jUZeBxE/ogvQ4Mx7i5frLUiqmSwC9XF1ELMQ=
go.oneofone.dev/oerrs v1.0.7-0.20221003171156-2726106fc553/go.mod h1:sZ3oKk6Q0lH/nCFex2EYdIZP87O8RouMNYvibMUSl9k=
go.oneofone.dev/oerrs v1.0.7-0.20230721192233-e6e7cc431c52 h1:97kh6YnyrSy8EQh9HGVS0aHqYxK1I184svFaxkrPs5E=
go.oneofone.dev/oerrs v1.0.7-0.20230721192233-e6e7cc431c52/go.mod h1:0I7CQhf3VOEMm+yGFlDh+sBWKuOQg3W3Ug/d+yM9u5s=
golang.org/x/sys v0.1.0 h1:kunALQeHf1/185U1i0GOB/fy1IPRDDpuoOOqRReG57U=
golang.org/x/sys v0.1.0/go.mod h1:oPkhp1MJrh7nUepCBck5+mAzfO9JrbApNNgaTdGDITg=
golang.org/x/xerrors v0.0.0-20220517211312-f3a8303e98df h1:5Pf6pFKu98ODmgnpvkJ3kFUOQGGLIzLIkbzUHp47618=
golang.org/x/xerrors v0.0.0-20220517211312-f3a8303e98df/go.mod h1:K8+ghG5WaK9qNqU5K3HdILfMLy1f3aNYFI/wnl100a8=
golang.org/x/xerrors v0.0.0-20220907171357-04be3eba64a2 h1:H2TDz8ibqkAF6YGhCdN3jS9O0/s90v0rJh3X/OLHEUk=
golang.org/x/xerrors v0.0.0-20220907171357-04be3eba64a2/go.mod h1:K8+ghG5WaK9qNqU5K3HdILfMLy1f3aNYFI/wnl100a8=
